
Microsoft Visual Studio Solution File, Format Version 12.00
# Visual Studio Version 17
VisualStudioVersion = 17.9.34728.123
MinimumVisualStudioVersion = 10.0.40219.1
Project("{FAE04EC0-301F-11D3-BF4B-00C04F79EFBC}") = "Fiap.Api.Alunos", "Fiap.Api.Alunos\Fiap.Api.Alunos.csproj", "{B295505A-62C3-4791-8A05-96EFA80E280F}"
EndProject
Global
	GlobalSection(SolutionConfigurationPlatforms) = preSolution
		Debug|Any CPU = Debug|Any CPU
		Release|Any CPU = Release|Any CPU
	EndGlobalSection
	GlobalSection(ProjectConfigurationPlatforms) = postSolution
		{B295505A-62C3-4791-8A05-96EFA80E280F}.Debug|Any CPU.ActiveCfg = Debug|Any CPU
		{B295505A-62C3-4791-8A05-96EFA80E280F}.Debug|Any CPU.Build.0 = Debug|Any CPU
		{B295505A-62C3-4791-8A05-96EFA80E280F}.Release|Any CPU.ActiveCfg = Release|Any CPU
		{B295505A-62C3-4791-8A05-96EFA80E280F}.Release|Any CPU.Build.0 = Release|Any CPU
	EndGlobalSection
	GlobalSection(SolutionProperties) = preSolution
		HideSolutionNode = FALSE
	EndGlobalSection
	GlobalSection(ExtensibilityGlobals) = postSolution
		SolutionGuid = {14EB5B6E-2044-4B7F-88E3-4061B829959D}
	EndGlobalSection
EndGlobal
